
Microsoft Visual Studio Solution File, Format Version 12.00
# Visual Studio Version 17
VisualStudioVersion = 17.5.002.0
MinimumVisualStudioVersion = 10.0.40219.1
Project("{9A19103F-16F7-4668-BE54-9A1E7A4F7556}") = "Atividade27-10", "Atividade27-10.csproj", "{1D0F6535-683A-4667-BBD1-BE8D8ABEF80B}"
EndProject
Global
	GlobalSection(SolutionConfigurationPlatforms) = preSolution
		Debug|Any CPU = Debug|Any CPU
		Release|Any CPU = Release|Any CPU
	EndGlobalSection
	GlobalSection(ProjectConfigurationPlatforms) = postSolution
		{1D0F6535-683A-4667-BBD1-BE8D8ABEF80B}.Debug|Any CPU.ActiveCfg = Debug|Any CPU
		{1D0F6535-683A-4667-BBD1-BE8D8ABEF80B}.Debug|Any CPU.Build.0 = Debug|Any CPU
		{1D0F6535-683A-4667-BBD1-BE8D8ABEF80B}.Release|Any CPU.ActiveCfg = Release|Any CPU
		{1D0F6535-683A-4667-BBD1-BE8D8ABEF80B}.Release|Any CPU.Build.0 = Release|Any CPU
	EndGlobalSection
	GlobalSection(SolutionProperties) = preSolution
		HideSolutionNode = FALSE
	EndGlobalSection
	GlobalSection(ExtensibilityGlobals) = postSolution
		SolutionGuid = {C891768D-1F4F-482E-9931-B4CAF39BFDED}
	EndGlobalSection
EndGlobal
